
Microsoft Visual Studio Solution File, Format Version 12.00
# Visual Studio Version 16
VisualStudioVersion = 16.0.31624.102
MinimumVisualStudioVersion = 10.0.40219.1
Project("{2150E333-8FDC-42A3-9474-1A3956D46DE8}") = "Lab 1", "Lab 1", "{F380A026-DC15-49EF-AF37-3E434616B86D}"
EndProject
Project("{2150E333-8FDC-42A3-9474-1A3956D46DE8}") = "Lab 2", "Lab 2", "{4F629852-825D-4346-93AD-4B16D429370B}"
EndProject
Project("{2150E333-8FDC-42A3-9474-1A3956D46DE8}") = "Lab 3", "Lab 3", "{9543D4E8-C348-4AF9-9E7A-990E0C6BA75E}"
EndProject
Project("{2150E333-8FDC-42A3-9474-1A3956D46DE8}") = "Lab 4", "Lab 4", "{054BDB2E-9FAF-4D5A-8080-0F5119429B86}"
EndProject
Project("{2150E333-8FDC-42A3-9474-1A3956D46DE8}") = "Lab 5", "Lab 5", "{4E0EE572-8E54-43FF-B9D1-73E2898C3B07}"
EndProject
Project("{9A19103F-16F7-4668-BE54-9A1E7A4F7556}") = "Lab 1.1 App", "Lab 1\Lab 1.1 App\Lab 1.1 App.csproj", "{5975A3D7-3F1F-46B6-BBF7-1B76ECB8DCEE}"
EndProject
Project("{9A19103F-16F7-4668-BE54-9A1E7A4F7556}") = "Lab 1.2 App", "Lab 1\Lab 1.2 App\Lab 1.2 App.csproj", "{E8BC33B7-4500-4BEA-9B38-23D82A337D77}"
EndProject
Project("{9A19103F-16F7-4668-BE54-9A1E7A4F7556}") = "Lab 1.3 App", "Lab 1\Lab 1.3 App\Lab 1.3 App.csproj", "{4917861D-A3C4-471B-858A-5DAADD63C59B}"
EndProject
Project("{9A19103F-16F7-4668-BE54-9A1E7A4F7556}") = "Lab 2.1 App", "Lab 2\Lab 2.1 App\Lab 2.1 App.csproj", "{CEFA694A-1FDE-4CF3-8366-77BD21EFBECE}"
EndProject
Project("{9A19103F-16F7-4668-BE54-9A1E7A4F7556}") = "Lab 2.2 App", "Lab 2\Lab 2.2 App\Lab 2.2 App.csproj", "{2FCFDAD0-0B71-4240-95D8-B0242EB2DDFB}"
EndProject
Project("{9A19103F-16F7-4668-BE54-9A1E7A4F7556}") = "Lab 2.3 App", "Lab 2\Lab 2.3 App\Lab 2.3 App.csproj", "{F2D9F30F-08B2-428D-99AC-69525F4B164E}"
EndProject
Project("{9A19103F-16F7-4668-BE54-9A1E7A4F7556}") = "Lab 3 App", "Lab 3\Lab 3 App\Lab 3 App.csproj", "{9084D39B-0EA7-43E4-A945-1B213605A9A1}"
EndProject
Project("{9A19103F-16F7-4668-BE54-9A1E7A4F7556}") = "Lab 4 App", "Lab 4\Lab 4 App\Lab 4 App.csproj", "{EC0F7A4D-686B-4835-B124-69D225F11314}"
EndProject
Project("{9A19103F-16F7-4668-BE54-9A1E7A4F7556}") = "Lab 4 CL", "Lab 4\Lab 4 CL\Lab 4 CL.csproj", "{7640F1EA-62FE-4E56-A58D-22EB849C316D}"
EndProject
Project("{FAE04EC0-301F-11D3-BF4B-00C04F79EFBC}") = "Lab 5 Example CL", "Lab 5\ClassLibraryHotel\Lab 5 Example CL.csproj", "{09C9F0E7-DC28-49DD-AA31-4E9E605E6BE3}"
EndProject
Project("{FAE04EC0-301F-11D3-BF4B-00C04F79EFBC}") = "Lab 5 Example App", "Lab 5\Lab05\Lab 5 Example App.csproj", "{468A59FD-A3E1-47EE-9472-AFE09EF59424}"
EndProject
Project("{9A19103F-16F7-4668-BE54-9A1E7A4F7556}") = "Lab 5 App", "Lab 5\Lab 5 App\Lab 5 App.csproj", "{F79482D5-475B-4C94-97E6-679094E9C241}"
EndProject
Project("{9A19103F-16F7-4668-BE54-9A1E7A4F7556}") = "Lab 5 CL", "Lab 5\Lab 5 CL\Lab 5 CL.csproj", "{5E0E12C4-F29B-4E2B-88D1-BEB83A4BCC98}"
EndProject
Project("{2150E333-8FDC-42A3-9474-1A3956D46DE8}") = "Lab 6", "Lab 6", "{BAD09603-45BA-4B78-AEC7-EDB58A7BBA76}"
EndProject
Project("{FAE04EC0-301F-11D3-BF4B-00C04F79EFBC}") = "ClassLibraryHotel", "Lab 6\ClassLibraryHotel\ClassLibraryHotel.csproj", "{32EB05A6-8E93-422B-82F7-0C0B289F1CE3}"
EndProject
Project("{FAE04EC0-301F-11D3-BF4B-00C04F79EFBC}") = "Lab06", "Lab 6\Lab06\Lab06.csproj", "{49AF9B70-8C1F-446A-BC18-1187D591FA57}"
EndProject
Project("{9A19103F-16F7-4668-BE54-9A1E7A4F7556}") = "Lab 6 App", "Lab 6\Lab 6 App\Lab 6 App.csproj", "{12E64B31-2AE6-4DDD-860A-81B36085B2D8}"
EndProject
Project("{9A19103F-16F7-4668-BE54-9A1E7A4F7556}") = "Lab 6 CL", "Lab 6\Lab 6 CL\Lab 6 CL.csproj", "{C8C60B9F-5150-4D24-B637-0E067A505522}"
EndProject
Project("{2150E333-8FDC-42A3-9474-1A3956D46DE8}") = "Lab 7", "Lab 7", "{02BFB740-3D04-4EC2-95F4-EAB05D437002}"
EndProject
Project("{9A19103F-16F7-4668-BE54-9A1E7A4F7556}") = "Lab 7 WFC", "Lab 7\Lab 7 WFC\Lab 7 WFC.csproj", "{3C164ED5-30B6-4CA4-A013-9A50E9091A0F}"
EndProject
Project("{9A19103F-16F7-4668-BE54-9A1E7A4F7556}") = "Lab 7 App", "Lab 7\Lab 7 App\Lab 7 App.csproj", "{272CDEEC-4B22-4E32-ABBF-98A1970B8E1E}"
EndProject
Project("{9A19103F-16F7-4668-BE54-9A1E7A4F7556}") = "Lab 7 CL", "Lab 7\Lab 7 CL\Lab 7 CL.csproj", "{6BE05A54-7BE8-4A14-8AEE-E7FE18827F10}"
EndProject
Project("{2150E333-8FDC-42A3-9474-1A3956D46DE8}") = "Lab 8", "Lab 8", "{0ACB291B-C88E-4016-9EAE-769B25692798}"
EndProject
Project("{FAE04EC0-301F-11D3-BF4B-00C04F79EFBC}") = "ClassLibraryHotel", "Lab 8\ClassLibraryHotel\ClassLibraryHotel.csproj", "{0248A923-CAF1-4BE0-BABE-193E05306838}"
EndProject
Project("{FAE04EC0-301F-11D3-BF4B-00C04F79EFBC}") = "Lab08", "Lab 8\Lab08\Lab08.csproj", "{020F34AB-C7E5-4A9E-9AC5-6602641293D0}"
EndProject
Project("{FAE04EC0-301F-11D3-BF4B-00C04F79EFBC}") = "WindowsFormsControlLibraryHotel", "Lab 8\WindowsFormsControlLibraryHotel\WindowsFormsControlLibraryHotel.csproj", "{4AEFC6FD-CA22-4665-B39A-F503A84F99EA}"
EndProject
Project("{9A19103F-16F7-4668-BE54-9A1E7A4F7556}") = "Lab 8 App", "Lab 8\Lab 8 App\Lab 8 App.csproj", "{A52E4B93-29BB-437D-8CBB-E562D05B9E39}"
EndProject
Project("{9A19103F-16F7-4668-BE54-9A1E7A4F7556}") = "Lab 8 CL", "Lab 8\Lab 8 CL\Lab 8 CL.csproj", "{59188E8B-05FE-4A51-BF7E-45B01629F57F}"
EndProject
Project("{9A19103F-16F7-4668-BE54-9A1E7A4F7556}") = "Lab 8 WFC", "Lab 8\Lab 8 WFC\Lab 8 WFC.csproj", "{7648ADA2-77CD-4E6F-8BC8-56B0411D4FBB}"
EndProject
Project("{9A19103F-16F7-4668-BE54-9A1E7A4F7556}") = "Lab 8 Text", "Lab 8\Lab 8 Text\Lab 8 Text.csproj", "{0DB93BE7-357B-4982-AD00-8071599A6B09}"
EndProject
Project("{2150E333-8FDC-42A3-9474-1A3956D46DE8}") = "Lab 9", "Lab 9", "{3DC23F97-1695-4B0E-B1AF-952BD0D04376}"
EndProject
Project("{9A19103F-16F7-4668-BE54-9A1E7A4F7556}") = "CultureExample", "Lab 9\CultureExample\CultureExample.csproj", "{CE91422E-5B6E-4334-A8EB-EE4036A12545}"
EndProject
Project("{9A19103F-16F7-4668-BE54-9A1E7A4F7556}") = "EncodingExample", "Lab 9\EncodingExample\EncodingExample.csproj", "{7BD205E5-7EE7-4021-B635-F8088892DC70}"
EndProject
Project("{9A19103F-16F7-4668-BE54-9A1E7A4F7556}") = "CryptographyExample", "Lab 9\CryptographyExample\CryptographyExample.csproj", "{0F8BC7F5-8A16-4F30-8E43-DEC2D893755F}"
EndProject
Project("{9A19103F-16F7-4668-BE54-9A1E7A4F7556}") = "EncodingForm", "Lab 9\EncodingForm\EncodingForm.csproj", "{C69CB822-0FFE-48A5-954E-206435603145}"
EndProject
Project("{9A19103F-16F7-4668-BE54-9A1E7A4F7556}") = "RegexConsoleApplication", "Lab 9\RegexConsoleApplication\RegexConsoleApplication.csproj", "{06D4FF63-4EC5-4C97-B273-C0EABF7FE992}"
EndProject
Project("{2150E333-8FDC-42A3-9474-1A3956D46DE8}") = "Lab 10", "Lab 10", "{B9D8525B-1260-4B47-84CA-423A0527C41B}"
EndProject
Project("{FAE04EC0-301F-11D3-BF4B-00C04F79EFBC}") = "ClassLibraryCities", "Lab 10\ClassLibraryCities\ClassLibraryCities.csproj", "{754E701F-BACD-4699-A74F-F56C86BD436E}"
EndProject
Project("{FAE04EC0-301F-11D3-BF4B-00C04F79EFBC}") = "Server", "Lab 10\Server\Server.csproj", "{5FDBA981-FBBF-4451-8FE7-F55DAC41621A}"
EndProject
Project("{FAE04EC0-301F-11D3-BF4B-00C04F79EFBC}") = "TestClient", "Lab 10\TestClient\TestClient.csproj", "{4E5355CA-618B-4D1B-B2A6-17C852A2802B}"
EndProject
Project("{9A19103F-16F7-4668-BE54-9A1E7A4F7556}") = "RiverServer", "Lab 10\RiverServer\RiverServer.csproj", "{49169059-4A49-4933-AA34-55CC3C6B094A}"
EndProject
Project("{9A19103F-16F7-4668-BE54-9A1E7A4F7556}") = "ClassLibraryRivers", "Lab 10\ClassLibraryRivers\ClassLibraryRivers.csproj", "{E47B8908-1203-4141-8943-E6DB0B1BD8E7}"
EndProject
Project("{9A19103F-16F7-4668-BE54-9A1E7A4F7556}") = "RiverForm", "Lab 10\RiverForm\RiverForm.csproj", "{66920B82-4E83-4867-944F-D2F24015ECC1}"
EndProject
Project("{2150E333-8FDC-42A3-9474-1A3956D46DE8}") = "Lab 13", "Lab 13", "{F49E8595-2E42-4764-B92F-43B227CAC082}"
EndProject
Project("{FAE04EC0-301F-11D3-BF4B-00C04F79EFBC}") = "Lab13", "Lab 13\Lab13\Lab13.csproj", "{480A347C-DBEC-405B-B859-C222C9EB9FEC}"
EndProject
Project("{FAE04EC0-301F-11D3-BF4B-00C04F79EFBC}") = "Lab 13 App", "Lab 13\Lab 13 App\Lab 13 App.csproj", "{16BDF348-432A-4123-8A98-AE92D4B1E46E}"
EndProject
Global
	GlobalSection(SolutionConfigurationPlatforms) = preSolution
		Debug|Any CPU = Debug|Any CPU
		Release|Any CPU = Release|Any CPU
	EndGlobalSection
	GlobalSection(ProjectConfigurationPlatforms) = postSolution
		{5975A3D7-3F1F-46B6-BBF7-1B76ECB8DCEE}.Debug|Any CPU.ActiveCfg = Debug|Any CPU
		{5975A3D7-3F1F-46B6-BBF7-1B76ECB8DCEE}.Debug|Any CPU.Build.0 = Debug|Any CPU
		{5975A3D7-3F1F-46B6-BBF7-1B76ECB8DCEE}.Release|Any CPU.ActiveCfg = Release|Any CPU
		{5975A3D7-3F1F-46B6-BBF7-1B76ECB8DCEE}.Release|Any CPU.Build.0 = Release|Any CPU
		{E8BC33B7-4500-4BEA-9B38-23D82A337D77}.Debug|Any CPU.ActiveCfg = Debug|Any CPU
		{E8BC33B7-4500-4BEA-9B38-23D82A337D77}.Debug|Any CPU.Build.0 = Debug|Any CPU
		{E8BC33B7-4500-4BEA-9B38-23D82A337D77}.Release|Any CPU.ActiveCfg = Release|Any CPU
		{E8BC33B7-4500-4BEA-9B38-23D82A337D77}.Release|Any CPU.Build.0 = Release|Any CPU
		{4917861D-A3C4-471B-858A-5DAADD63C59B}.Debug|Any CPU.ActiveCfg = Debug|Any CPU
		{4917861D-A3C4-471B-858A-5DAADD63C59B}.Debug|Any CPU.Build.0 = Debug|Any CPU
		{4917861D-A3C4-471B-858A-5DAADD63C59B}.Release|Any CPU.ActiveCfg = Release|Any CPU
		{4917861D-A3C4-471B-858A-5DAADD63C59B}.Release|Any CPU.Build.0 = Release|Any CPU
		{CEFA694A-1FDE-4CF3-8366-77BD21EFBECE}.Debug|Any CPU.ActiveCfg = Debug|Any CPU
		{CEFA694A-1FDE-4CF3-8366-77BD21EFBECE}.Debug|Any CPU.Build.0 = Debug|Any CPU
		{CEFA694A-1FDE-4CF3-8366-77BD21EFBECE}.Release|Any CPU.ActiveCfg = Release|Any CPU
		{CEFA694A-1FDE-4CF3-8366-77BD21EFBECE}.Release|Any CPU.Build.0 = Release|Any CPU
		{2FCFDAD0-0B71-4240-95D8-B0242EB2DDFB}.Debug|Any CPU.ActiveCfg = Debug|Any CPU
		{2FCFDAD0-0B71-4240-95D8-B0242EB2DDFB}.Debug|Any CPU.Build.0 = Debug|Any CPU
		{2FCFDAD0-0B71-4240-95D8-B0242EB2DDFB}.Release|Any CPU.ActiveCfg = Release|Any CPU
		{2FCFDAD0-0B71-4240-95D8-B0242EB2DDFB}.Release|Any CPU.Build.0 = Release|Any CPU
		{F2D9F30F-08B2-428D-99AC-69525F4B164E}.Debug|Any CPU.ActiveCfg = Debug|Any CPU
		{F2D9F30F-08B2-428D-99AC-69525F4B164E}.Debug|Any CPU.Build.0 = Debug|Any CPU
		{F2D9F30F-08B2-428D-99AC-69525F4B164E}.Release|Any CPU.ActiveCfg = Release|Any CPU
		{F2D9F30F-08B2-428D-99AC-69525F4B164E}.Release|Any CPU.Build.0 = Release|Any CPU
		{9084D39B-0EA7-43E4-A945-1B213605A9A1}.Debug|Any CPU.ActiveCfg = Debug|Any CPU
		{9084D39B-0EA7-43E4-A945-1B213605A9A1}.Debug|Any CPU.Build.0 = Debug|Any CPU
		{9084D39B-0EA7-43E4-A945-1B213605A9A1}.Release|Any CPU.ActiveCfg = Release|Any CPU
		{9084D39B-0EA7-43E4-A945-1B213605A9A1}.Release|Any CPU.Build.0 = Release|Any CPU
		{EC0F7A4D-686B-4835-B124-69D225F11314}.Debug|Any CPU.ActiveCfg = Debug|Any CPU
		{EC0F7A4D-686B-4835-B124-69D225F11314}.Debug|Any CPU.Build.0 = Debug|Any CPU
		{EC0F7A4D-686B-4835-B124-69D225F11314}.Release|Any CPU.ActiveCfg = Release|Any CPU
		{EC0F7A4D-686B-4835-B124-69D225F11314}.Release|Any CPU.Build.0 = Release|Any CPU
		{7640F1EA-62FE-4E56-A58D-22EB849C316D}.Debug|Any CPU.ActiveCfg = Debug|Any CPU
		{7640F1EA-62FE-4E56-A58D-22EB849C316D}.Debug|Any CPU.Build.0 = Debug|Any CPU
		{7640F1EA-62FE-4E56-A58D-22EB849C316D}.Release|Any CPU.ActiveCfg = Release|Any CPU
		{7640F1EA-62FE-4E56-A58D-22EB849C316D}.Release|Any CPU.Build.0 = Release|Any CPU
		{09C9F0E7-DC28-49DD-AA31-4E9E605E6BE3}.Debug|Any CPU.ActiveCfg = Debug|Any CPU
		{09C9F0E7-DC28-49DD-AA31-4E9E605E6BE3}.Debug|Any CPU.Build.0 = Debug|Any CPU
		{09C9F0E7-DC28-49DD-AA31-4E9E605E6BE3}.Release|Any CPU.ActiveCfg = Release|Any CPU
		{09C9F0E7-DC28-49DD-AA31-4E9E605E6BE3}.Release|Any CPU.Build.0 = Release|Any CPU
		{468A59FD-A3E1-47EE-9472-AFE09EF59424}.Debug|Any CPU.ActiveCfg = Debug|Any CPU
		{468A59FD-A3E1-47EE-9472-AFE09EF59424}.Debug|Any CPU.Build.0 = Debug|Any CPU
		{468A59FD-A3E1-47EE-9472-AFE09EF59424}.Release|Any CPU.ActiveCfg = Release|Any CPU
		{468A59FD-A3E1-47EE-9472-AFE09EF59424}.Release|Any CPU.Build.0 = Release|Any CPU
		{F79482D5-475B-4C94-97E6-679094E9C241}.Debug|Any CPU.ActiveCfg = Debug|Any CPU
		{F79482D5-475B-4C94-97E6-679094E9C241}.Debug|Any CPU.Build.0 = Debug|Any CPU
		{F79482D5-475B-4C94-97E6-679094E9C241}.Release|Any CPU.ActiveCfg = Release|Any CPU
		{F79482D5-475B-4C94-97E6-679094E9C241}.Release|Any CPU.Build.0 = Release|Any CPU
		{5E0E12C4-F29B-4E2B-88D1-BEB83A4BCC98}.Debug|Any CPU.ActiveCfg = Debug|Any CPU
		{5E0E12C4-F29B-4E2B-88D1-BEB83A4BCC98}.Debug|Any CPU.Build.0 = Debug|Any CPU
		{5E0E12C4-F29B-4E2B-88D1-BEB83A4BCC98}.Release|Any CPU.ActiveCfg = Release|Any CPU
		{5E0E12C4-F29B-4E2B-88D1-BEB83A4BCC98}.Release|Any CPU.Build.0 = Release|Any CPU
		{32EB05A6-8E93-422B-82F7-0C0B289F1CE3}.Debug|Any CPU.ActiveCfg = Debug|Any CPU
		{32EB05A6-8E93-422B-82F7-0C0B289F1CE3}.Debug|Any CPU.Build.0 = Debug|Any CPU
		{32EB05A6-8E93-422B-82F7-0C0B289F1CE3}.Release|Any CPU.ActiveCfg = Release|Any CPU
		{32EB05A6-8E93-422B-82F7-0C0B289F1CE3}.Release|Any CPU.Build.0 = Release|Any CPU
		{49AF9B70-8C1F-446A-BC18-1187D591FA57}.Debug|Any CPU.ActiveCfg = Debug|Any CPU
		{49AF9B70-8C1F-446A-BC18-1187D591FA57}.Debug|Any CPU.Build.0 = Debug|Any CPU
		{49AF9B70-8C1F-446A-BC18-1187D591FA57}.Release|Any CPU.ActiveCfg = Release|Any CPU
		{49AF9B70-8C1F-446A-BC18-1187D591FA57}.Release|Any CPU.Build.0 = Release|Any CPU
		{12E64B31-2AE6-4DDD-860A-81B36085B2D8}.Debug|Any CPU.ActiveCfg = Debug|Any CPU
		{12E64B31-2AE6-4DDD-860A-81B36085B2D8}.Debug|Any CPU.Build.0 = Debug|Any CPU
		{12E64B31-2AE6-4DDD-860A-81B36085B2D8}.Release|Any CPU.ActiveCfg = Release|Any CPU
		{12E64B31-2AE6-4DDD-860A-81B36085B2D8}.Release|Any CPU.Build.0 = Release|Any CPU
		{C8C60B9F-5150-4D24-B637-0E067A505522}.Debug|Any CPU.ActiveCfg = Debug|Any CPU
		{C8C60B9F-5150-4D24-B637-0E067A505522}.Debug|Any CPU.Build.0 = Debug|Any CPU
		{C8C60B9F-5150-4D24-B637-0E067A505522}.Release|Any CPU.ActiveCfg = Release|Any CPU
		{C8C60B9F-5150-4D24-B637-0E067A505522}.Release|Any CPU.Build.0 = Release|Any CPU
		{3C164ED5-30B6-4CA4-A013-9A50E9091A0F}.Debug|Any CPU.ActiveCfg = Debug|Any CPU
		{3C164ED5-30B6-4CA4-A013-9A50E9091A0F}.Debug|Any CPU.Build.0 = Debug|Any CPU
		{3C164ED5-30B6-4CA4-A013-9A50E9091A0F}.Release|Any CPU.ActiveCfg = Release|Any CPU
		{3C164ED5-30B6-4CA4-A013-9A50E9091A0F}.Release|Any CPU.Build.0 = Release|Any CPU
		{272CDEEC-4B22-4E32-ABBF-98A1970B8E1E}.Debug|Any CPU.ActiveCfg = Debug|Any CPU
		{272CDEEC-4B22-4E32-ABBF-98A1970B8E1E}.Debug|Any CPU.Build.0 = Debug|Any CPU
		{272CDEEC-4B22-4E32-ABBF-98A1970B8E1E}.Release|Any CPU.ActiveCfg = Release|Any CPU
		{272CDEEC-4B22-4E32-ABBF-98A1970B8E1E}.Release|Any CPU.Build.0 = Release|Any CPU
		{6BE05A54-7BE8-4A14-8AEE-E7FE18827F10}.Debug|Any CPU.ActiveCfg = Debug|Any CPU
		{6BE05A54-7BE8-4A14-8AEE-E7FE18827F10}.Debug|Any CPU.Build.0 = Debug|Any CPU
		{6BE05A54-7BE8-4A14-8AEE-E7FE18827F10}.Release|Any CPU.ActiveCfg = Release|Any CPU
		{6BE05A54-7BE8-4A14-8AEE-E7FE18827F10}.Release|Any CPU.Build.0 = Release|Any CPU
		{0248A923-CAF1-4BE0-BABE-193E05306838}.Debug|Any CPU.ActiveCfg = Debug|Any CPU
		{0248A923-CAF1-4BE0-BABE-193E05306838}.Debug|Any CPU.Build.0 = Debug|Any CPU
		{0248A923-CAF1-4BE0-BABE-193E05306838}.Release|Any CPU.ActiveCfg = Release|Any CPU
		{0248A923-CAF1-4BE0-BABE-193E05306838}.Release|Any CPU.Build.0 = Release|Any CPU
		{020F34AB-C7E5-4A9E-9AC5-6602641293D0}.Debug|Any CPU.ActiveCfg = Debug|Any CPU
		{020F34AB-C7E5-4A9E-9AC5-6602641293D0}.Debug|Any CPU.Build.0 = Debug|Any CPU
		{020F34AB-C7E5-4A9E-9AC5-6602641293D0}.Release|Any CPU.ActiveCfg = Release|Any CPU
		{020F34AB-C7E5-4A9E-9AC5-6602641293D0}.Release|Any CPU.Build.0 = Release|Any CPU
		{4AEFC6FD-CA22-4665-B39A-F503A84F99EA}.Debug|Any CPU.ActiveCfg = Debug|Any CPU
		{4AEFC6FD-CA22-4665-B39A-F503A84F99EA}.Debug|Any CPU.Build.0 = Debug|Any CPU
		{4AEFC6FD-CA22-4665-B39A-F503A84F99EA}.Release|Any CPU.ActiveCfg = Release|Any CPU
		{4AEFC6FD-CA22-4665-B39A-F503A84F99EA}.Release|Any CPU.Build.0 = Release|Any CPU
		{A52E4B93-29BB-437D-8CBB-E562D05B9E39}.Debug|Any CPU.ActiveCfg = Debug|Any CPU
		{A52E4B93-29BB-437D-8CBB-E562D05B9E39}.Debug|Any CPU.Build.0 = Debug|Any CPU
		{A52E4B93-29BB-437D-8CBB-E562D05B9E39}.Release|Any CPU.ActiveCfg = Release|Any CPU
		{A52E4B93-29BB-437D-8CBB-E562D05B9E39}.Release|Any CPU.Build.0 = Release|Any CPU
		{59188E8B-05FE-4A51-BF7E-45B01629F57F}.Debug|Any CPU.ActiveCfg = Debug|Any CPU
		{59188E8B-05FE-4A51-BF7E-45B01629F57F}.Debug|Any CPU.Build.0 = Debug|Any CPU
		{59188E8B-05FE-4A51-BF7E-45B01629F57F}.Release|Any CPU.ActiveCfg = Release|Any CPU
		{59188E8B-05FE-4A51-BF7E-45B01629F57F}.Release|Any CPU.Build.0 = Release|Any CPU
		{7648ADA2-77CD-4E6F-8BC8-56B0411D4FBB}.Debug|Any CPU.ActiveCfg = Debug|Any CPU
		{7648ADA2-77CD-4E6F-8BC8-56B0411D4FBB}.Debug|Any CPU.Build.0 = Debug|Any CPU
		{7648ADA2-77CD-4E6F-8BC8-56B0411D4FBB}.Release|Any CPU.ActiveCfg = Release|Any CPU
		{7648ADA2-77CD-4E6F-8BC8-56B0411D4FBB}.Release|Any CPU.Build.0 = Release|Any CPU
		{0DB93BE7-357B-4982-AD00-8071599A6B09}.Debug|Any CPU.ActiveCfg = Debug|Any CPU
		{0DB93BE7-357B-4982-AD00-8071599A6B09}.Debug|Any CPU.Build.0 = Debug|Any CPU
		{0DB93BE7-357B-4982-AD00-8071599A6B09}.Release|Any CPU.ActiveCfg = Release|Any CPU
		{0DB93BE7-357B-4982-AD00-8071599A6B09}.Release|Any CPU.Build.0 = Release|Any CPU
		{CE91422E-5B6E-4334-A8EB-EE4036A12545}.Debug|Any CPU.ActiveCfg = Debug|Any CPU
		{CE91422E-5B6E-4334-A8EB-EE4036A12545}.Debug|Any CPU.Build.0 = Debug|Any CPU
		{CE91422E-5B6E-4334-A8EB-EE4036A12545}.Release|Any CPU.ActiveCfg = Release|Any CPU
		{CE91422E-5B6E-4334-A8EB-EE4036A12545}.Release|Any CPU.Build.0 = Release|Any CPU
		{7BD205E5-7EE7-4021-B635-F8088892DC70}.Debug|Any CPU.ActiveCfg = Debug|Any CPU
		{7BD205E5-7EE7-4021-B635-F8088892DC70}.Debug|Any CPU.Build.0 = Debug|Any CPU
		{7BD205E5-7EE7-4021-B635-F8088892DC70}.Release|Any CPU.ActiveCfg = Release|Any CPU
		{7BD205E5-7EE7-4021-B635-F8088892DC70}.Release|Any CPU.Build.0 = Release|Any CPU
		{0F8BC7F5-8A16-4F30-8E43-DEC2D893755F}.Debug|Any CPU.ActiveCfg = Debug|Any CPU
		{0F8BC7F5-8A16-4F30-8E43-DEC2D893755F}.Debug|Any CPU.Build.0 = Debug|Any CPU
		{0F8BC7F5-8A16-4F30-8E43-DEC2D893755F}.Release|Any CPU.ActiveCfg = Release|Any CPU
		{0F8BC7F5-8A16-4F30-8E43-DEC2D893755F}.Release|Any CPU.Build.0 = Release|Any CPU
		{C69CB822-0FFE-48A5-954E-206435603145}.Debug|Any CPU.ActiveCfg = Debug|Any CPU
		{C69CB822-0FFE-48A5-954E-206435603145}.Debug|Any CPU.Build.0 = Debug|Any CPU
		{C69CB822-0FFE-48A5-954E-206435603145}.Release|Any CPU.ActiveCfg = Release|Any CPU
		{C69CB822-0FFE-48A5-954E-206435603145}.Release|Any CPU.Build.0 = Release|Any CPU
		{06D4FF63-4EC5-4C97-B273-C0EABF7FE992}.Debug|Any CPU.ActiveCfg = Debug|Any CPU
		{06D4FF63-4EC5-4C97-B273-C0EABF7FE992}.Debug|Any CPU.Build.0 = Debug|Any CPU
		{06D4FF63-4EC5-4C97-B273-C0EABF7FE992}.Release|Any CPU.ActiveCfg = Release|Any CPU
		{06D4FF63-4EC5-4C97-B273-C0EABF7FE992}.Release|Any CPU.Build.0 = Release|Any CPU
		{754E701F-BACD-4699-A74F-F56C86BD436E}.Debug|Any CPU.ActiveCfg = Debug|Any CPU
		{754E701F-BACD-4699-A74F-F56C86BD436E}.Debug|Any CPU.Build.0 = Debug|Any CPU
		{754E701F-BACD-4699-A74F-F56C86BD436E}.Release|Any CPU.ActiveCfg = Release|Any CPU
		{754E701F-BACD-4699-A74F-F56C86BD436E}.Release|Any CPU.Build.0 = Release|Any CPU
		{5FDBA981-FBBF-4451-8FE7-F55DAC41621A}.Debug|Any CPU.ActiveCfg = Debug|Any CPU
		{5FDBA981-FBBF-4451-8FE7-F55DAC41621A}.Debug|Any CPU.Build.0 = Debug|Any CPU
		{5FDBA981-FBBF-4451-8FE7-F55DAC41621A}.Release|Any CPU.ActiveCfg = Release|Any CPU
		{5FDBA981-FBBF-4451-8FE7-F55DAC41621A}.Release|Any CPU.Build.0 = Release|Any CPU
		{4E5355CA-618B-4D1B-B2A6-17C852A2802B}.Debug|Any CPU.ActiveCfg = Debug|Any CPU
		{4E5355CA-618B-4D1B-B2A6-17C852A2802B}.Debug|Any CPU.Build.0 = Debug|Any CPU
		{4E5355CA-618B-4D1B-B2A6-17C852A2802B}.Release|Any CPU.ActiveCfg = Release|Any CPU
		{4E5355CA-618B-4D1B-B2A6-17C852A2802B}.Release|Any CPU.Build.0 = Release|Any CPU
		{49169059-4A49-4933-AA34-55CC3C6B094A}.Debug|Any CPU.ActiveCfg = Debug|Any CPU
		{49169059-4A49-4933-AA34-55CC3C6B094A}.Debug|Any CPU.Build.0 = Debug|Any CPU
		{49169059-4A49-4933-AA34-55CC3C6B094A}.Release|Any CPU.ActiveCfg = Release|Any CPU
		{49169059-4A49-4933-AA34-55CC3C6B094A}.Release|Any CPU.Build.0 = Release|Any CPU
		{E47B8908-1203-4141-8943-E6DB0B1BD8E7}.Debug|Any CPU.ActiveCfg = Debug|Any CPU
		{E47B8908-1203-4141-8943-E6DB0B1BD8E7}.Debug|Any CPU.Build.0 = Debug|Any CPU
		{E47B8908-1203-4141-8943-E6DB0B1BD8E7}.Release|Any CPU.ActiveCfg = Release|Any CPU
		{E47B8908-1203-4141-8943-E6DB0B1BD8E7}.Release|Any CPU.Build.0 = Release|Any CPU
		{66920B82-4E83-4867-944F-D2F24015ECC1}.Debug|Any CPU.ActiveCfg = Debug|Any CPU
		{66920B82-4E83-4867-944F-D2F24015ECC1}.Debug|Any CPU.Build.0 = Debug|Any CPU
		{66920B82-4E83-4867-944F-D2F24015ECC1}.Release|Any CPU.ActiveCfg = Release|Any CPU
		{66920B82-4E83-4867-944F-D2F24015ECC1}.Release|Any CPU.Build.0 = Release|Any CPU
		{480A347C-DBEC-405B-B859-C222C9EB9FEC}.Debug|Any CPU.ActiveCfg = Debug|Any CPU
		{480A347C-DBEC-405B-B859-C222C9EB9FEC}.Debug|Any CPU.Build.0 = Debug|Any CPU
		{480A347C-DBEC-405B-B859-C222C9EB9FEC}.Release|Any CPU.ActiveCfg = Release|Any CPU
		{480A347C-DBEC-405B-B859-C222C9EB9FEC}.Release|Any CPU.Build.0 = Release|Any CPU
		{16BDF348-432A-4123-8A98-AE92D4B1E46E}.Debug|Any CPU.ActiveCfg = Debug|Any CPU
		{16BDF348-432A-4123-8A98-AE92D4B1E46E}.Debug|Any CPU.Build.0 = Debug|Any CPU
		{16BDF348-432A-4123-8A98-AE92D4B1E46E}.Release|Any CPU.ActiveCfg = Release|Any CPU
		{16BDF348-432A-4123-8A98-AE92D4B1E46E}.Release|Any CPU.Build.0 = Release|Any CPU
	EndGlobalSection
	GlobalSection(SolutionProperties) = preSolution
		HideSolutionNode = FALSE
	EndGlobalSection
	GlobalSection(NestedProjects) = preSolution
		{5975A3D7-3F1F-46B6-BBF7-1B76ECB8DCEE} = {F380A026-DC15-49EF-AF37-3E434616B86D}
		{E8BC33B7-4500-4BEA-9B38-23D82A337D77} = {F380A026-DC15-49EF-AF37-3E434616B86D}
		{4917861D-A3C4-471B-858A-5DAADD63C59B} = {F380A026-DC15-49EF-AF37-3E434616B86D}
		{CEFA694A-1FDE-4CF3-8366-77BD21EFBECE} = {4F629852-825D-4346-93AD-4B16D429370B}
		{2FCFDAD0-0B71-4240-95D8-B0242EB2DDFB} = {4F629852-825D-4346-93AD-4B16D429370B}
		{F2D9F30F-08B2-428D-99AC-69525F4B164E} = {4F629852-825D-4346-93AD-4B16D429370B}
		{9084D39B-0EA7-43E4-A945-1B213605A9A1} = {9543D4E8-C348-4AF9-9E7A-990E0C6BA75E}
		{EC0F7A4D-686B-4835-B124-69D225F11314} = {054BDB2E-9FAF-4D5A-8080-0F5119429B86}
		{7640F1EA-62FE-4E56-A58D-22EB849C316D} = {054BDB2E-9FAF-4D5A-8080-0F5119429B86}
		{09C9F0E7-DC28-49DD-AA31-4E9E605E6BE3} = {4E0EE572-8E54-43FF-B9D1-73E2898C3B07}
		{468A59FD-A3E1-47EE-9472-AFE09EF59424} = {4E0EE572-8E54-43FF-B9D1-73E2898C3B07}
		{F79482D5-475B-4C94-97E6-679094E9C241} = {4E0EE572-8E54-43FF-B9D1-73E2898C3B07}
		{5E0E12C4-F29B-4E2B-88D1-BEB83A4BCC98} = {4E0EE572-8E54-43FF-B9D1-73E2898C3B07}
		{32EB05A6-8E93-422B-82F7-0C0B289F1CE3} = {BAD09603-45BA-4B78-AEC7-EDB58A7BBA76}
		{49AF9B70-8C1F-446A-BC18-1187D591FA57} = {BAD09603-45BA-4B78-AEC7-EDB58A7BBA76}
		{12E64B31-2AE6-4DDD-860A-81B36085B2D8} = {BAD09603-45BA-4B78-AEC7-EDB58A7BBA76}
		{C8C60B9F-5150-4D24-B637-0E067A505522} = {BAD09603-45BA-4B78-AEC7-EDB58A7BBA76}
		{3C164ED5-30B6-4CA4-A013-9A50E9091A0F} = {02BFB740-3D04-4EC2-95F4-EAB05D437002}
		{272CDEEC-4B22-4E32-ABBF-98A1970B8E1E} = {02BFB740-3D04-4EC2-95F4-EAB05D437002}
		{6BE05A54-7BE8-4A14-8AEE-E7FE18827F10} = {02BFB740-3D04-4EC2-95F4-EAB05D437002}
		{0248A923-CAF1-4BE0-BABE-193E05306838} = {0ACB291B-C88E-4016-9EAE-769B25692798}
		{020F34AB-C7E5-4A9E-9AC5-6602641293D0} = {0ACB291B-C88E-4016-9EAE-769B25692798}
		{4AEFC6FD-CA22-4665-B39A-F503A84F99EA} = {0ACB291B-C88E-4016-9EAE-769B25692798}
		{A52E4B93-29BB-437D-8CBB-E562D05B9E39} = {0ACB291B-C88E-4016-9EAE-769B25692798}
		{59188E8B-05FE-4A51-BF7E-45B01629F57F} = {0ACB291B-C88E-4016-9EAE-769B25692798}
		{7648ADA2-77CD-4E6F-8BC8-56B0411D4FBB} = {0ACB291B-C88E-4016-9EAE-769B25692798}
		{0DB93BE7-357B-4982-AD00-8071599A6B09} = {0ACB291B-C88E-4016-9EAE-769B25692798}
		{CE91422E-5B6E-4334-A8EB-EE4036A12545} = {3DC23F97-1695-4B0E-B1AF-952BD0D04376}
		{7BD205E5-7EE7-4021-B635-F8088892DC70} = {3DC23F97-1695-4B0E-B1AF-952BD0D04376}
		{0F8BC7F5-8A16-4F30-8E43-DEC2D893755F} = {3DC23F97-1695-4B0E-B1AF-952BD0D04376}
		{C69CB822-0FFE-48A5-954E-206435603145} = {3DC23F97-1695-4B0E-B1AF-952BD0D04376}
		{06D4FF63-4EC5-4C97-B273-C0EABF7FE992} = {3DC23F97-1695-4B0E-B1AF-952BD0D04376}
		{754E701F-BACD-4699-A74F-F56C86BD436E} = {B9D8525B-1260-4B47-84CA-423A0527C41B}
		{5FDBA981-FBBF-4451-8FE7-F55DAC41621A} = {B9D8525B-1260-4B47-84CA-423A0527C41B}
		{4E5355CA-618B-4D1B-B2A6-17C852A2802B} = {B9D8525B-1260-4B47-84CA-423A0527C41B}
		{49169059-4A49-4933-AA34-55CC3C6B094A} = {B9D8525B-1260-4B47-84CA-423A0527C41B}
		{E47B8908-1203-4141-8943-E6DB0B1BD8E7} = {B9D8525B-1260-4B47-84CA-423A0527C41B}
		{66920B82-4E83-4867-944F-D2F24015ECC1} = {B9D8525B-1260-4B47-84CA-423A0527C41B}
		{480A347C-DBEC-405B-B859-C222C9EB9FEC} = {F49E8595-2E42-4764-B92F-43B227CAC082}
		{16BDF348-432A-4123-8A98-AE92D4B1E46E} = {F49E8595-2E42-4764-B92F-43B227CAC082}
	EndGlobalSection
	GlobalSection(ExtensibilityGlobals) = postSolution
		SolutionGuid = {BAF1F624-C923-4C1A-A83B-571F2880F5CB}
	EndGlobalSection
EndGlobal
