
Microsoft Visual Studio Solution File, Format Version 12.00
# Visual Studio Version 16
VisualStudioVersion = 16.0.31624.102
MinimumVisualStudioVersion = 10.0.40219.1
Project("{2150E333-8FDC-42A3-9474-1A3956D46DE8}") = "Lab 1", "Lab 1", "{F380A026-DC15-49EF-AF37-3E434616B86D}"
EndProject
Project("{2150E333-8FDC-42A3-9474-1A3956D46DE8}") = "Lab 2", "Lab 2", "{4F629852-825D-4346-93AD-4B16D429370B}"
EndProject
Project("{2150E333-8FDC-42A3-9474-1A3956D46DE8}") = "Lab 3", "Lab 3", "{9543D4E8-C348-4AF9-9E7A-990E0C6BA75E}"
EndProject
Project("{2150E333-8FDC-42A3-9474-1A3956D46DE8}") = "Lab 4", "Lab 4", "{054BDB2E-9FAF-4D5A-8080-0F5119429B86}"
EndProject
Project("{2150E333-8FDC-42A3-9474-1A3956D46DE8}") = "Lab 5", "Lab 5", "{4E0EE572-8E54-43FF-B9D1-73E2898C3B07}"
EndProject
Project("{9A19103F-16F7-4668-BE54-9A1E7A4F7556}") = "Lab 1.1 App", "Lab 1\Lab 1.1 App\Lab 1.1 App.csproj", "{5975A3D7-3F1F-46B6-BBF7-1B76ECB8DCEE}"
EndProject
Project("{9A19103F-16F7-4668-BE54-9A1E7A4F7556}") = "Lab 1.2 App", "Lab 1\Lab 1.2 App\Lab 1.2 App.csproj", "{E8BC33B7-4500-4BEA-9B38-23D82A337D77}"
EndProject
Project("{9A19103F-16F7-4668-BE54-9A1E7A4F7556}") = "Lab 1.3 App", "Lab 1\Lab 1.3 App\Lab 1.3 App.csproj", "{4917861D-A3C4-471B-858A-5DAADD63C59B}"
EndProject
Project("{9A19103F-16F7-4668-BE54-9A1E7A4F7556}") = "Lab 2.1 App", "Lab 2\Lab 2.1 App\Lab 2.1 App.csproj", "{CEFA694A-1FDE-4CF3-8366-77BD21EFBECE}"
EndProject
Project("{9A19103F-16F7-4668-BE54-9A1E7A4F7556}") = "Lab 2.2 App", "Lab 2\Lab 2.2 App\Lab 2.2 App.csproj", "{2FCFDAD0-0B71-4240-95D8-B0242EB2DDFB}"
EndProject
Project("{9A19103F-16F7-4668-BE54-9A1E7A4F7556}") = "Lab 2.3 App", "Lab 2\Lab 2.3 App\Lab 2.3 App.csproj", "{F2D9F30F-08B2-428D-99AC-69525F4B164E}"
EndProject
Project("{9A19103F-16F7-4668-BE54-9A1E7A4F7556}") = "Lab 3 App", "Lab 3\Lab 3 App\Lab 3 App.csproj", "{9084D39B-0EA7-43E4-A945-1B213605A9A1}"
EndProject
Project("{9A19103F-16F7-4668-BE54-9A1E7A4F7556}") = "Lab 4 App", "Lab 4\Lab 4 App\Lab 4 App.csproj", "{EC0F7A4D-686B-4835-B124-69D225F11314}"
EndProject
Project("{9A19103F-16F7-4668-BE54-9A1E7A4F7556}") = "Lab 4 CL", "Lab 4\Lab 4 CL\Lab 4 CL.csproj", "{7640F1EA-62FE-4E56-A58D-22EB849C316D}"
EndProject
Project("{FAE04EC0-301F-11D3-BF4B-00C04F79EFBC}") = "Lab 5 Example CL", "Lab 5\ClassLibraryHotel\Lab 5 Example CL.csproj", "{09C9F0E7-DC28-49DD-AA31-4E9E605E6BE3}"
EndProject
Project("{FAE04EC0-301F-11D3-BF4B-00C04F79EFBC}") = "Lab 5 Example App", "Lab 5\Lab05\Lab 5 Example App.csproj", "{468A59FD-A3E1-47EE-9472-AFE09EF59424}"
EndProject
Project("{9A19103F-16F7-4668-BE54-9A1E7A4F7556}") = "Lab 5 App", "Lab 5\Lab 5 App\Lab 5 App.csproj", "{F79482D5-475B-4C94-97E6-679094E9C241}"
EndProject
Project("{9A19103F-16F7-4668-BE54-9A1E7A4F7556}") = "Lab 5 CL", "Lab 5\Lab 5 CL\Lab 5 CL.csproj", "{5E0E12C4-F29B-4E2B-88D1-BEB83A4BCC98}"
EndProject
Project("{2150E333-8FDC-42A3-9474-1A3956D46DE8}") = "Lab 6", "Lab 6", "{6BC15538-C0F3-42DF-9D3F-37E0F3509090}"
EndProject
Project("{FAE04EC0-301F-11D3-BF4B-00C04F79EFBC}") = "Lab06", "Lab 6\Lab06\Lab06.csproj", "{F94A82D4-02D3-4C72-9112-CE7E9309E045}"
EndProject
Project("{FAE04EC0-301F-11D3-BF4B-00C04F79EFBC}") = "ClassLibraryHotel", "Lab 6\ClassLibraryHotel\ClassLibraryHotel.csproj", "{AC913C1F-9C25-4093-B2E6-DBF42F121D43}"
EndProject
Global
	GlobalSection(SolutionConfigurationPlatforms) = preSolution
		Debug|Any CPU = Debug|Any CPU
		Release|Any CPU = Release|Any CPU
	EndGlobalSection
	GlobalSection(ProjectConfigurationPlatforms) = postSolution
		{5975A3D7-3F1F-46B6-BBF7-1B76ECB8DCEE}.Debug|Any CPU.ActiveCfg = Debug|Any CPU
		{5975A3D7-3F1F-46B6-BBF7-1B76ECB8DCEE}.Debug|Any CPU.Build.0 = Debug|Any CPU
		{5975A3D7-3F1F-46B6-BBF7-1B76ECB8DCEE}.Release|Any CPU.ActiveCfg = Release|Any CPU
		{5975A3D7-3F1F-46B6-BBF7-1B76ECB8DCEE}.Release|Any CPU.Build.0 = Release|Any CPU
		{E8BC33B7-4500-4BEA-9B38-23D82A337D77}.Debug|Any CPU.ActiveCfg = Debug|Any CPU
		{E8BC33B7-4500-4BEA-9B38-23D82A337D77}.Debug|Any CPU.Build.0 = Debug|Any CPU
		{E8BC33B7-4500-4BEA-9B38-23D82A337D77}.Release|Any CPU.ActiveCfg = Release|Any CPU
		{E8BC33B7-4500-4BEA-9B38-23D82A337D77}.Release|Any CPU.Build.0 = Release|Any CPU
		{4917861D-A3C4-471B-858A-5DAADD63C59B}.Debug|Any CPU.ActiveCfg = Debug|Any CPU
		{4917861D-A3C4-471B-858A-5DAADD63C59B}.Debug|Any CPU.Build.0 = Debug|Any CPU
		{4917861D-A3C4-471B-858A-5DAADD63C59B}.Release|Any CPU.ActiveCfg = Release|Any CPU
		{4917861D-A3C4-471B-858A-5DAADD63C59B}.Release|Any CPU.Build.0 = Release|Any CPU
		{CEFA694A-1FDE-4CF3-8366-77BD21EFBECE}.Debug|Any CPU.ActiveCfg = Debug|Any CPU
		{CEFA694A-1FDE-4CF3-8366-77BD21EFBECE}.Debug|Any CPU.Build.0 = Debug|Any CPU
		{CEFA694A-1FDE-4CF3-8366-77BD21EFBECE}.Release|Any CPU.ActiveCfg = Release|Any CPU
		{CEFA694A-1FDE-4CF3-8366-77BD21EFBECE}.Release|Any CPU.Build.0 = Release|Any CPU
		{2FCFDAD0-0B71-4240-95D8-B0242EB2DDFB}.Debug|Any CPU.ActiveCfg = Debug|Any CPU
		{2FCFDAD0-0B71-4240-95D8-B0242EB2DDFB}.Debug|Any CPU.Build.0 = Debug|Any CPU
		{2FCFDAD0-0B71-4240-95D8-B0242EB2DDFB}.Release|Any CPU.ActiveCfg = Release|Any CPU
		{2FCFDAD0-0B71-4240-95D8-B0242EB2DDFB}.Release|Any CPU.Build.0 = Release|Any CPU
		{F2D9F30F-08B2-428D-99AC-69525F4B164E}.Debug|Any CPU.ActiveCfg = Debug|Any CPU
		{F2D9F30F-08B2-428D-99AC-69525F4B164E}.Debug|Any CPU.Build.0 = Debug|Any CPU
		{F2D9F30F-08B2-428D-99AC-69525F4B164E}.Release|Any CPU.ActiveCfg = Release|Any CPU
		{F2D9F30F-08B2-428D-99AC-69525F4B164E}.Release|Any CPU.Build.0 = Release|Any CPU
		{9084D39B-0EA7-43E4-A945-1B213605A9A1}.Debug|Any CPU.ActiveCfg = Debug|Any CPU
		{9084D39B-0EA7-43E4-A945-1B213605A9A1}.Debug|Any CPU.Build.0 = Debug|Any CPU
		{9084D39B-0EA7-43E4-A945-1B213605A9A1}.Release|Any CPU.ActiveCfg = Release|Any CPU
		{9084D39B-0EA7-43E4-A945-1B213605A9A1}.Release|Any CPU.Build.0 = Release|Any CPU
		{EC0F7A4D-686B-4835-B124-69D225F11314}.Debug|Any CPU.ActiveCfg = Debug|Any CPU
		{EC0F7A4D-686B-4835-B124-69D225F11314}.Debug|Any CPU.Build.0 = Debug|Any CPU
		{EC0F7A4D-686B-4835-B124-69D225F11314}.Release|Any CPU.ActiveCfg = Release|Any CPU
		{EC0F7A4D-686B-4835-B124-69D225F11314}.Release|Any CPU.Build.0 = Release|Any CPU
		{7640F1EA-62FE-4E56-A58D-22EB849C316D}.Debug|Any CPU.ActiveCfg = Debug|Any CPU
		{7640F1EA-62FE-4E56-A58D-22EB849C316D}.Debug|Any CPU.Build.0 = Debug|Any CPU
		{7640F1EA-62FE-4E56-A58D-22EB849C316D}.Release|Any CPU.ActiveCfg = Release|Any CPU
		{7640F1EA-62FE-4E56-A58D-22EB849C316D}.Release|Any CPU.Build.0 = Release|Any CPU
		{09C9F0E7-DC28-49DD-AA31-4E9E605E6BE3}.Debug|Any CPU.ActiveCfg = Debug|Any CPU
		{09C9F0E7-DC28-49DD-AA31-4E9E605E6BE3}.Debug|Any CPU.Build.0 = Debug|Any CPU
		{09C9F0E7-DC28-49DD-AA31-4E9E605E6BE3}.Release|Any CPU.ActiveCfg = Release|Any CPU
		{09C9F0E7-DC28-49DD-AA31-4E9E605E6BE3}.Release|Any CPU.Build.0 = Release|Any CPU
		{468A59FD-A3E1-47EE-9472-AFE09EF59424}.Debug|Any CPU.ActiveCfg = Debug|Any CPU
		{468A59FD-A3E1-47EE-9472-AFE09EF59424}.Debug|Any CPU.Build.0 = Debug|Any CPU
		{468A59FD-A3E1-47EE-9472-AFE09EF59424}.Release|Any CPU.ActiveCfg = Release|Any CPU
		{468A59FD-A3E1-47EE-9472-AFE09EF59424}.Release|Any CPU.Build.0 = Release|Any CPU
		{F79482D5-475B-4C94-97E6-679094E9C241}.Debug|Any CPU.ActiveCfg = Debug|Any CPU
		{F79482D5-475B-4C94-97E6-679094E9C241}.Debug|Any CPU.Build.0 = Debug|Any CPU
		{F79482D5-475B-4C94-97E6-679094E9C241}.Release|Any CPU.ActiveCfg = Release|Any CPU
		{F79482D5-475B-4C94-97E6-679094E9C241}.Release|Any CPU.Build.0 = Release|Any CPU
		{5E0E12C4-F29B-4E2B-88D1-BEB83A4BCC98}.Debug|Any CPU.ActiveCfg = Debug|Any CPU
		{5E0E12C4-F29B-4E2B-88D1-BEB83A4BCC98}.Debug|Any CPU.Build.0 = Debug|Any CPU
		{5E0E12C4-F29B-4E2B-88D1-BEB83A4BCC98}.Release|Any CPU.ActiveCfg = Release|Any CPU
		{5E0E12C4-F29B-4E2B-88D1-BEB83A4BCC98}.Release|Any CPU.Build.0 = Release|Any CPU
		{F94A82D4-02D3-4C72-9112-CE7E9309E045}.Debug|Any CPU.ActiveCfg = Debug|Any CPU
		{F94A82D4-02D3-4C72-9112-CE7E9309E045}.Debug|Any CPU.Build.0 = Debug|Any CPU
		{F94A82D4-02D3-4C72-9112-CE7E9309E045}.Release|Any CPU.ActiveCfg = Release|Any CPU
		{F94A82D4-02D3-4C72-9112-CE7E9309E045}.Release|Any CPU.Build.0 = Release|Any CPU
		{AC913C1F-9C25-4093-B2E6-DBF42F121D43}.Debug|Any CPU.ActiveCfg = Debug|Any CPU
		{AC913C1F-9C25-4093-B2E6-DBF42F121D43}.Debug|Any CPU.Build.0 = Debug|Any CPU
		{AC913C1F-9C25-4093-B2E6-DBF42F121D43}.Release|Any CPU.ActiveCfg = Release|Any CPU
		{AC913C1F-9C25-4093-B2E6-DBF42F121D43}.Release|Any CPU.Build.0 = Release|Any CPU
	EndGlobalSection
	GlobalSection(SolutionProperties) = preSolution
		HideSolutionNode = FALSE
	EndGlobalSection
	GlobalSection(NestedProjects) = preSolution
		{5975A3D7-3F1F-46B6-BBF7-1B76ECB8DCEE} = {F380A026-DC15-49EF-AF37-3E434616B86D}
		{E8BC33B7-4500-4BEA-9B38-23D82A337D77} = {F380A026-DC15-49EF-AF37-3E434616B86D}
		{4917861D-A3C4-471B-858A-5DAADD63C59B} = {F380A026-DC15-49EF-AF37-3E434616B86D}
		{CEFA694A-1FDE-4CF3-8366-77BD21EFBECE} = {4F629852-825D-4346-93AD-4B16D429370B}
		{2FCFDAD0-0B71-4240-95D8-B0242EB2DDFB} = {4F629852-825D-4346-93AD-4B16D429370B}
		{F2D9F30F-08B2-428D-99AC-69525F4B164E} = {4F629852-825D-4346-93AD-4B16D429370B}
		{9084D39B-0EA7-43E4-A945-1B213605A9A1} = {9543D4E8-C348-4AF9-9E7A-990E0C6BA75E}
		{EC0F7A4D-686B-4835-B124-69D225F11314} = {054BDB2E-9FAF-4D5A-8080-0F5119429B86}
		{7640F1EA-62FE-4E56-A58D-22EB849C316D} = {054BDB2E-9FAF-4D5A-8080-0F5119429B86}
		{09C9F0E7-DC28-49DD-AA31-4E9E605E6BE3} = {4E0EE572-8E54-43FF-B9D1-73E2898C3B07}
		{468A59FD-A3E1-47EE-9472-AFE09EF59424} = {4E0EE572-8E54-43FF-B9D1-73E2898C3B07}
		{F79482D5-475B-4C94-97E6-679094E9C241} = {4E0EE572-8E54-43FF-B9D1-73E2898C3B07}
		{5E0E12C4-F29B-4E2B-88D1-BEB83A4BCC98} = {4E0EE572-8E54-43FF-B9D1-73E2898C3B07}
		{F94A82D4-02D3-4C72-9112-CE7E9309E045} = {6BC15538-C0F3-42DF-9D3F-37E0F3509090}
		{AC913C1F-9C25-4093-B2E6-DBF42F121D43} = {6BC15538-C0F3-42DF-9D3F-37E0F3509090}
	EndGlobalSection
	GlobalSection(ExtensibilityGlobals) = postSolution
		SolutionGuid = {BAF1F624-C923-4C1A-A83B-571F2880F5CB}
	EndGlobalSection
EndGlobal
